
Microsoft Visual Studio Solution File, Format Version 12.00
# Visual Studio Version 17
VisualStudioVersion = 17.5.33530.505
MinimumVisualStudioVersion = 10.0.40219.1
Project("{8BC9CEB8-8B4A-11D0-8D11-00A0C91BC942}") = "Exercise-02", "Exercise-02\Exercise-02.vcxproj", "{163F38E8-2218-424C-A2C0-7B8FB6797405}"
EndProject
Global
	GlobalSection(SolutionConfigurationPlatforms) = preSolution
		Debug|x64 = Debug|x64
		Debug|x86 = Debug|x86
		Release|x64 = Release|x64
		Release|x86 = Release|x86
	EndGlobalSection
	GlobalSection(ProjectConfigurationPlatforms) = postSolution
		{163F38E8-2218-424C-A2C0-7B8FB6797405}.Debug|x64.ActiveCfg = Debug|x64
		{163F38E8-2218-424C-A2C0-7B8FB6797405}.Debug|x64.Build.0 = Debug|x64
		{163F38E8-2218-424C-A2C0-7B8FB6797405}.Debug|x86.ActiveCfg = Debug|Win32
		{163F38E8-2218-424C-A2C0-7B8FB6797405}.Debug|x86.Build.0 = Debug|Win32
		{163F38E8-2218-424C-A2C0-7B8FB6797405}.Release|x64.ActiveCfg = Release|x64
		{163F38E8-2218-424C-A2C0-7B8FB6797405}.Release|x64.Build.0 = Release|x64
		{163F38E8-2218-424C-A2C0-7B8FB6797405}.Release|x86.ActiveCfg = Release|Win32
		{163F38E8-2218-424C-A2C0-7B8FB6797405}.Release|x86.Build.0 = Release|Win32
	EndGlobalSection
	GlobalSection(SolutionProperties) = preSolution
		HideSolutionNode = FALSE
	EndGlobalSection
	GlobalSection(ExtensibilityGlobals) = postSolution
		SolutionGuid = {41769F27-A131-418B-9B7C-531792B7B5CC}
	EndGlobalSection
EndGlobal
