
Microsoft Visual Studio Solution File, Format Version 12.00
# Visual Studio Version 17
VisualStudioVersion = 17.4.33205.214
MinimumVisualStudioVersion = 10.0.40219.1
Project("{8BC9CEB8-8B4A-11D0-8D11-00A0C91BC942}") = "Exercise-02", "Exercise-02\Exercise-02.vcxproj", "{B3591DA2-4FFD-4161-954E-5A845E1F6EBF}"
EndProject
Global
	GlobalSection(SolutionConfigurationPlatforms) = preSolution
		Debug|x64 = Debug|x64
		Debug|x86 = Debug|x86
		Release|x64 = Release|x64
		Release|x86 = Release|x86
	EndGlobalSection
	GlobalSection(ProjectConfigurationPlatforms) = postSolution
		{B3591DA2-4FFD-4161-954E-5A845E1F6EBF}.Debug|x64.ActiveCfg = Debug|x64
		{B3591DA2-4FFD-4161-954E-5A845E1F6EBF}.Debug|x64.Build.0 = Debug|x64
		{B3591DA2-4FFD-4161-954E-5A845E1F6EBF}.Debug|x86.ActiveCfg = Debug|Win32
		{B3591DA2-4FFD-4161-954E-5A845E1F6EBF}.Debug|x86.Build.0 = Debug|Win32
		{B3591DA2-4FFD-4161-954E-5A845E1F6EBF}.Release|x64.ActiveCfg = Release|x64
		{B3591DA2-4FFD-4161-954E-5A845E1F6EBF}.Release|x64.Build.0 = Release|x64
		{B3591DA2-4FFD-4161-954E-5A845E1F6EBF}.Release|x86.ActiveCfg = Release|Win32
		{B3591DA2-4FFD-4161-954E-5A845E1F6EBF}.Release|x86.Build.0 = Release|Win32
	EndGlobalSection
	GlobalSection(SolutionProperties) = preSolution
		HideSolutionNode = FALSE
	EndGlobalSection
	GlobalSection(ExtensibilityGlobals) = postSolution
		SolutionGuid = {262F0610-15C4-41B3-A1D4-43CB6BFB61DF}
	EndGlobalSection
EndGlobal
