
Microsoft Visual Studio Solution File, Format Version 12.00
# Visual Studio Version 17
VisualStudioVersion = 17.4.33213.308
MinimumVisualStudioVersion = 10.0.40219.1
Project("{8BC9CEB8-8B4A-11D0-8D11-00A0C91BC942}") = "Exercise-05", "Exercise-05\Exercise-05.vcxproj", "{696605DD-2934-47B2-B126-EA18F29E840A}"
EndProject
Global
	GlobalSection(SolutionConfigurationPlatforms) = preSolution
		Debug|x64 = Debug|x64
		Debug|x86 = Debug|x86
		Release|x64 = Release|x64
		Release|x86 = Release|x86
	EndGlobalSection
	GlobalSection(ProjectConfigurationPlatforms) = postSolution
		{696605DD-2934-47B2-B126-EA18F29E840A}.Debug|x64.ActiveCfg = Debug|x64
		{696605DD-2934-47B2-B126-EA18F29E840A}.Debug|x64.Build.0 = Debug|x64
		{696605DD-2934-47B2-B126-EA18F29E840A}.Debug|x86.ActiveCfg = Debug|Win32
		{696605DD-2934-47B2-B126-EA18F29E840A}.Debug|x86.Build.0 = Debug|Win32
		{696605DD-2934-47B2-B126-EA18F29E840A}.Release|x64.ActiveCfg = Release|x64
		{696605DD-2934-47B2-B126-EA18F29E840A}.Release|x64.Build.0 = Release|x64
		{696605DD-2934-47B2-B126-EA18F29E840A}.Release|x86.ActiveCfg = Release|Win32
		{696605DD-2934-47B2-B126-EA18F29E840A}.Release|x86.Build.0 = Release|Win32
	EndGlobalSection
	GlobalSection(SolutionProperties) = preSolution
		HideSolutionNode = FALSE
	EndGlobalSection
	GlobalSection(ExtensibilityGlobals) = postSolution
		SolutionGuid = {8D0D8E81-1E1A-43BD-B1F4-8C8529DC8AC1}
	EndGlobalSection
EndGlobal
