
Microsoft Visual Studio Solution File, Format Version 12.00
# Visual Studio Version 17
VisualStudioVersion = 17.8.34511.84
MinimumVisualStudioVersion = 10.0.40219.1
Project("{8BC9CEB8-8B4A-11D0-8D11-00A0C91BC942}") = "Exercise-01", "Exercise-01\Exercise-01.vcxproj", "{DE0B6409-470F-4AAD-9D20-70EFF1AEC045}"
EndProject
Global
	GlobalSection(SolutionConfigurationPlatforms) = preSolution
		Debug|x64 = Debug|x64
		Debug|x86 = Debug|x86
		Release|x64 = Release|x64
		Release|x86 = Release|x86
	EndGlobalSection
	GlobalSection(ProjectConfigurationPlatforms) = postSolution
		{DE0B6409-470F-4AAD-9D20-70EFF1AEC045}.Debug|x64.ActiveCfg = Debug|x64
		{DE0B6409-470F-4AAD-9D20-70EFF1AEC045}.Debug|x64.Build.0 = Debug|x64
		{DE0B6409-470F-4AAD-9D20-70EFF1AEC045}.Debug|x86.ActiveCfg = Debug|Win32
		{DE0B6409-470F-4AAD-9D20-70EFF1AEC045}.Debug|x86.Build.0 = Debug|Win32
		{DE0B6409-470F-4AAD-9D20-70EFF1AEC045}.Release|x64.ActiveCfg = Release|x64
		{DE0B6409-470F-4AAD-9D20-70EFF1AEC045}.Release|x64.Build.0 = Release|x64
		{DE0B6409-470F-4AAD-9D20-70EFF1AEC045}.Release|x86.ActiveCfg = Release|Win32
		{DE0B6409-470F-4AAD-9D20-70EFF1AEC045}.Release|x86.Build.0 = Release|Win32
	EndGlobalSection
	GlobalSection(SolutionProperties) = preSolution
		HideSolutionNode = FALSE
	EndGlobalSection
	GlobalSection(ExtensibilityGlobals) = postSolution
		SolutionGuid = {0A593FBB-A934-4ADC-9F68-AD0869459121}
	EndGlobalSection
EndGlobal
