
Microsoft Visual Studio Solution File, Format Version 12.00
# Visual Studio Version 17
VisualStudioVersion = 17.10.34916.146
MinimumVisualStudioVersion = 10.0.40219.1
Project("{8BC9CEB8-8B4A-11D0-8D11-00A0C91BC942}") = "Exercise-02", "Exercise-02\Exercise-02.vcxproj", "{91B7EE4E-12A8-4DE3-955B-473A1999C885}"
EndProject
Global
	GlobalSection(SolutionConfigurationPlatforms) = preSolution
		Debug|x64 = Debug|x64
		Debug|x86 = Debug|x86
		Release|x64 = Release|x64
		Release|x86 = Release|x86
	EndGlobalSection
	GlobalSection(ProjectConfigurationPlatforms) = postSolution
		{91B7EE4E-12A8-4DE3-955B-473A1999C885}.Debug|x64.ActiveCfg = Debug|x64
		{91B7EE4E-12A8-4DE3-955B-473A1999C885}.Debug|x64.Build.0 = Debug|x64
		{91B7EE4E-12A8-4DE3-955B-473A1999C885}.Debug|x86.ActiveCfg = Debug|Win32
		{91B7EE4E-12A8-4DE3-955B-473A1999C885}.Debug|x86.Build.0 = Debug|Win32
		{91B7EE4E-12A8-4DE3-955B-473A1999C885}.Release|x64.ActiveCfg = Release|x64
		{91B7EE4E-12A8-4DE3-955B-473A1999C885}.Release|x64.Build.0 = Release|x64
		{91B7EE4E-12A8-4DE3-955B-473A1999C885}.Release|x86.ActiveCfg = Release|Win32
		{91B7EE4E-12A8-4DE3-955B-473A1999C885}.Release|x86.Build.0 = Release|Win32
	EndGlobalSection
	GlobalSection(SolutionProperties) = preSolution
		HideSolutionNode = FALSE
	EndGlobalSection
	GlobalSection(ExtensibilityGlobals) = postSolution
		SolutionGuid = {3EDB20ED-F6E1-4493-A89F-915901F87C54}
	EndGlobalSection
EndGlobal
