
Microsoft Visual Studio Solution File, Format Version 12.00
# Visual Studio Version 17
VisualStudioVersion = 17.4.33213.308
MinimumVisualStudioVersion = 10.0.40219.1
Project("{8BC9CEB8-8B4A-11D0-8D11-00A0C91BC942}") = "Exercise-04", "Exercise-04\Exercise-04.vcxproj", "{F06E5B7D-5B36-495F-9D4C-18F4DA2E840C}"
EndProject
Global
	GlobalSection(SolutionConfigurationPlatforms) = preSolution
		Debug|x64 = Debug|x64
		Debug|x86 = Debug|x86
		Release|x64 = Release|x64
		Release|x86 = Release|x86
	EndGlobalSection
	GlobalSection(ProjectConfigurationPlatforms) = postSolution
		{F06E5B7D-5B36-495F-9D4C-18F4DA2E840C}.Debug|x64.ActiveCfg = Debug|x64
		{F06E5B7D-5B36-495F-9D4C-18F4DA2E840C}.Debug|x64.Build.0 = Debug|x64
		{F06E5B7D-5B36-495F-9D4C-18F4DA2E840C}.Debug|x86.ActiveCfg = Debug|Win32
		{F06E5B7D-5B36-495F-9D4C-18F4DA2E840C}.Debug|x86.Build.0 = Debug|Win32
		{F06E5B7D-5B36-495F-9D4C-18F4DA2E840C}.Release|x64.ActiveCfg = Release|x64
		{F06E5B7D-5B36-495F-9D4C-18F4DA2E840C}.Release|x64.Build.0 = Release|x64
		{F06E5B7D-5B36-495F-9D4C-18F4DA2E840C}.Release|x86.ActiveCfg = Release|Win32
		{F06E5B7D-5B36-495F-9D4C-18F4DA2E840C}.Release|x86.Build.0 = Release|Win32
	EndGlobalSection
	GlobalSection(SolutionProperties) = preSolution
		HideSolutionNode = FALSE
	EndGlobalSection
	GlobalSection(ExtensibilityGlobals) = postSolution
		SolutionGuid = {212C2603-8CBA-4FEE-839C-5FDE41CBB317}
	EndGlobalSection
EndGlobal
