
Microsoft Visual Studio Solution File, Format Version 12.00
# Visual Studio Version 17
VisualStudioVersion = 17.10.34916.146
MinimumVisualStudioVersion = 10.0.40219.1
Project("{8BC9CEB8-8B4A-11D0-8D11-00A0C91BC942}") = "Exercise-01", "Exercise-01\Exercise-01.vcxproj", "{5AF3BE3D-9130-48D7-BAA5-21582D0855A7}"
EndProject
Global
	GlobalSection(SolutionConfigurationPlatforms) = preSolution
		Debug|x64 = Debug|x64
		Debug|x86 = Debug|x86
		Release|x64 = Release|x64
		Release|x86 = Release|x86
	EndGlobalSection
	GlobalSection(ProjectConfigurationPlatforms) = postSolution
		{5AF3BE3D-9130-48D7-BAA5-21582D0855A7}.Debug|x64.ActiveCfg = Debug|x64
		{5AF3BE3D-9130-48D7-BAA5-21582D0855A7}.Debug|x64.Build.0 = Debug|x64
		{5AF3BE3D-9130-48D7-BAA5-21582D0855A7}.Debug|x86.ActiveCfg = Debug|Win32
		{5AF3BE3D-9130-48D7-BAA5-21582D0855A7}.Debug|x86.Build.0 = Debug|Win32
		{5AF3BE3D-9130-48D7-BAA5-21582D0855A7}.Release|x64.ActiveCfg = Release|x64
		{5AF3BE3D-9130-48D7-BAA5-21582D0855A7}.Release|x64.Build.0 = Release|x64
		{5AF3BE3D-9130-48D7-BAA5-21582D0855A7}.Release|x86.ActiveCfg = Release|Win32
		{5AF3BE3D-9130-48D7-BAA5-21582D0855A7}.Release|x86.Build.0 = Release|Win32
	EndGlobalSection
	GlobalSection(SolutionProperties) = preSolution
		HideSolutionNode = FALSE
	EndGlobalSection
	GlobalSection(ExtensibilityGlobals) = postSolution
		SolutionGuid = {67BAEF16-85D3-4D8B-B9ED-B52CE55F0CAE}
	EndGlobalSection
EndGlobal
