
Microsoft Visual Studio Solution File, Format Version 12.00
# Visual Studio Version 17
VisualStudioVersion = 17.8.34511.84
MinimumVisualStudioVersion = 10.0.40219.1
Project("{8BC9CEB8-8B4A-11D0-8D11-00A0C91BC942}") = "Exercise-03", "Exercise-03\Exercise-03.vcxproj", "{D5A16239-38B0-4B2E-B427-02AB492BAAC9}"
EndProject
Global
	GlobalSection(SolutionConfigurationPlatforms) = preSolution
		Debug|x64 = Debug|x64
		Debug|x86 = Debug|x86
		Release|x64 = Release|x64
		Release|x86 = Release|x86
	EndGlobalSection
	GlobalSection(ProjectConfigurationPlatforms) = postSolution
		{D5A16239-38B0-4B2E-B427-02AB492BAAC9}.Debug|x64.ActiveCfg = Debug|x64
		{D5A16239-38B0-4B2E-B427-02AB492BAAC9}.Debug|x64.Build.0 = Debug|x64
		{D5A16239-38B0-4B2E-B427-02AB492BAAC9}.Debug|x86.ActiveCfg = Debug|Win32
		{D5A16239-38B0-4B2E-B427-02AB492BAAC9}.Debug|x86.Build.0 = Debug|Win32
		{D5A16239-38B0-4B2E-B427-02AB492BAAC9}.Release|x64.ActiveCfg = Release|x64
		{D5A16239-38B0-4B2E-B427-02AB492BAAC9}.Release|x64.Build.0 = Release|x64
		{D5A16239-38B0-4B2E-B427-02AB492BAAC9}.Release|x86.ActiveCfg = Release|Win32
		{D5A16239-38B0-4B2E-B427-02AB492BAAC9}.Release|x86.Build.0 = Release|Win32
	EndGlobalSection
	GlobalSection(SolutionProperties) = preSolution
		HideSolutionNode = FALSE
	EndGlobalSection
	GlobalSection(ExtensibilityGlobals) = postSolution
		SolutionGuid = {27D3576E-E5D3-45E1-AD70-7801AADF493C}
	EndGlobalSection
EndGlobal
