
Microsoft Visual Studio Solution File, Format Version 12.00
# Visual Studio Version 17
VisualStudioVersion = 17.5.33530.505
MinimumVisualStudioVersion = 10.0.40219.1
Project("{8BC9CEB8-8B4A-11D0-8D11-00A0C91BC942}") = "Exercise-05", "Exercise-05\Exercise-05.vcxproj", "{2F93B007-B406-44BA-8ACF-804D17607E8D}"
EndProject
Global
	GlobalSection(SolutionConfigurationPlatforms) = preSolution
		Debug|x64 = Debug|x64
		Debug|x86 = Debug|x86
		Release|x64 = Release|x64
		Release|x86 = Release|x86
	EndGlobalSection
	GlobalSection(ProjectConfigurationPlatforms) = postSolution
		{2F93B007-B406-44BA-8ACF-804D17607E8D}.Debug|x64.ActiveCfg = Debug|x64
		{2F93B007-B406-44BA-8ACF-804D17607E8D}.Debug|x64.Build.0 = Debug|x64
		{2F93B007-B406-44BA-8ACF-804D17607E8D}.Debug|x86.ActiveCfg = Debug|Win32
		{2F93B007-B406-44BA-8ACF-804D17607E8D}.Debug|x86.Build.0 = Debug|Win32
		{2F93B007-B406-44BA-8ACF-804D17607E8D}.Release|x64.ActiveCfg = Release|x64
		{2F93B007-B406-44BA-8ACF-804D17607E8D}.Release|x64.Build.0 = Release|x64
		{2F93B007-B406-44BA-8ACF-804D17607E8D}.Release|x86.ActiveCfg = Release|Win32
		{2F93B007-B406-44BA-8ACF-804D17607E8D}.Release|x86.Build.0 = Release|Win32
	EndGlobalSection
	GlobalSection(SolutionProperties) = preSolution
		HideSolutionNode = FALSE
	EndGlobalSection
	GlobalSection(ExtensibilityGlobals) = postSolution
		SolutionGuid = {14C1C6AC-63E3-4408-B983-5D721E49348E}
	EndGlobalSection
EndGlobal
