
Microsoft Visual Studio Solution File, Format Version 12.00
# Visual Studio Version 17
VisualStudioVersion = 17.5.33530.505
MinimumVisualStudioVersion = 10.0.40219.1
Project("{8BC9CEB8-8B4A-11D0-8D11-00A0C91BC942}") = "Exercise-01", "Exercise-01\Exercise-01.vcxproj", "{3838B52C-6F27-4BA4-9EB9-B6165D35D97E}"
EndProject
Global
	GlobalSection(SolutionConfigurationPlatforms) = preSolution
		Debug|x64 = Debug|x64
		Debug|x86 = Debug|x86
		Release|x64 = Release|x64
		Release|x86 = Release|x86
	EndGlobalSection
	GlobalSection(ProjectConfigurationPlatforms) = postSolution
		{3838B52C-6F27-4BA4-9EB9-B6165D35D97E}.Debug|x64.ActiveCfg = Debug|x64
		{3838B52C-6F27-4BA4-9EB9-B6165D35D97E}.Debug|x64.Build.0 = Debug|x64
		{3838B52C-6F27-4BA4-9EB9-B6165D35D97E}.Debug|x86.ActiveCfg = Debug|Win32
		{3838B52C-6F27-4BA4-9EB9-B6165D35D97E}.Debug|x86.Build.0 = Debug|Win32
		{3838B52C-6F27-4BA4-9EB9-B6165D35D97E}.Release|x64.ActiveCfg = Release|x64
		{3838B52C-6F27-4BA4-9EB9-B6165D35D97E}.Release|x64.Build.0 = Release|x64
		{3838B52C-6F27-4BA4-9EB9-B6165D35D97E}.Release|x86.ActiveCfg = Release|Win32
		{3838B52C-6F27-4BA4-9EB9-B6165D35D97E}.Release|x86.Build.0 = Release|Win32
	EndGlobalSection
	GlobalSection(SolutionProperties) = preSolution
		HideSolutionNode = FALSE
	EndGlobalSection
	GlobalSection(ExtensibilityGlobals) = postSolution
		SolutionGuid = {14408BD5-C83E-432F-A31F-5EA4E82933D3}
	EndGlobalSection
EndGlobal
