
Microsoft Visual Studio Solution File, Format Version 12.00
# Visual Studio Version 17
VisualStudioVersion = 17.4.33213.308
MinimumVisualStudioVersion = 10.0.40219.1
Project("{8BC9CEB8-8B4A-11D0-8D11-00A0C91BC942}") = "Exercise-02", "Exercise-02\Exercise-02.vcxproj", "{DE17D9F0-3418-45D2-9FFF-3A49180C78EF}"
EndProject
Global
	GlobalSection(SolutionConfigurationPlatforms) = preSolution
		Debug|x64 = Debug|x64
		Debug|x86 = Debug|x86
		Release|x64 = Release|x64
		Release|x86 = Release|x86
	EndGlobalSection
	GlobalSection(ProjectConfigurationPlatforms) = postSolution
		{DE17D9F0-3418-45D2-9FFF-3A49180C78EF}.Debug|x64.ActiveCfg = Debug|x64
		{DE17D9F0-3418-45D2-9FFF-3A49180C78EF}.Debug|x64.Build.0 = Debug|x64
		{DE17D9F0-3418-45D2-9FFF-3A49180C78EF}.Debug|x86.ActiveCfg = Debug|Win32
		{DE17D9F0-3418-45D2-9FFF-3A49180C78EF}.Debug|x86.Build.0 = Debug|Win32
		{DE17D9F0-3418-45D2-9FFF-3A49180C78EF}.Release|x64.ActiveCfg = Release|x64
		{DE17D9F0-3418-45D2-9FFF-3A49180C78EF}.Release|x64.Build.0 = Release|x64
		{DE17D9F0-3418-45D2-9FFF-3A49180C78EF}.Release|x86.ActiveCfg = Release|Win32
		{DE17D9F0-3418-45D2-9FFF-3A49180C78EF}.Release|x86.Build.0 = Release|Win32
	EndGlobalSection
	GlobalSection(SolutionProperties) = preSolution
		HideSolutionNode = FALSE
	EndGlobalSection
	GlobalSection(ExtensibilityGlobals) = postSolution
		SolutionGuid = {8156873E-9855-4D70-8BC4-A090CE8C2CF3}
	EndGlobalSection
EndGlobal
