
Microsoft Visual Studio Solution File, Format Version 12.00
# Visual Studio Version 17
VisualStudioVersion = 17.8.34511.84
MinimumVisualStudioVersion = 10.0.40219.1
Project("{8BC9CEB8-8B4A-11D0-8D11-00A0C91BC942}") = "Exercise-02", "Exercise-02\Exercise-02.vcxproj", "{2D845161-4066-457A-878A-6C5360D1CD82}"
EndProject
Global
	GlobalSection(SolutionConfigurationPlatforms) = preSolution
		Debug|x64 = Debug|x64
		Debug|x86 = Debug|x86
		Release|x64 = Release|x64
		Release|x86 = Release|x86
	EndGlobalSection
	GlobalSection(ProjectConfigurationPlatforms) = postSolution
		{2D845161-4066-457A-878A-6C5360D1CD82}.Debug|x64.ActiveCfg = Debug|x64
		{2D845161-4066-457A-878A-6C5360D1CD82}.Debug|x64.Build.0 = Debug|x64
		{2D845161-4066-457A-878A-6C5360D1CD82}.Debug|x86.ActiveCfg = Debug|Win32
		{2D845161-4066-457A-878A-6C5360D1CD82}.Debug|x86.Build.0 = Debug|Win32
		{2D845161-4066-457A-878A-6C5360D1CD82}.Release|x64.ActiveCfg = Release|x64
		{2D845161-4066-457A-878A-6C5360D1CD82}.Release|x64.Build.0 = Release|x64
		{2D845161-4066-457A-878A-6C5360D1CD82}.Release|x86.ActiveCfg = Release|Win32
		{2D845161-4066-457A-878A-6C5360D1CD82}.Release|x86.Build.0 = Release|Win32
	EndGlobalSection
	GlobalSection(SolutionProperties) = preSolution
		HideSolutionNode = FALSE
	EndGlobalSection
	GlobalSection(ExtensibilityGlobals) = postSolution
		SolutionGuid = {5196A1C5-DDE8-4F77-A709-93C8D9584B9E}
	EndGlobalSection
EndGlobal
