
Microsoft Visual Studio Solution File, Format Version 12.00
# Visual Studio Version 17
VisualStudioVersion = 17.8.34511.84
MinimumVisualStudioVersion = 10.0.40219.1
Project("{8BC9CEB8-8B4A-11D0-8D11-00A0C91BC942}") = "Exercise-02", "Exercise-02\Exercise-02.vcxproj", "{5D3E6D05-60CB-4788-AA05-32BE08CD0D3C}"
EndProject
Global
	GlobalSection(SolutionConfigurationPlatforms) = preSolution
		Debug|x64 = Debug|x64
		Debug|x86 = Debug|x86
		Release|x64 = Release|x64
		Release|x86 = Release|x86
	EndGlobalSection
	GlobalSection(ProjectConfigurationPlatforms) = postSolution
		{5D3E6D05-60CB-4788-AA05-32BE08CD0D3C}.Debug|x64.ActiveCfg = Debug|x64
		{5D3E6D05-60CB-4788-AA05-32BE08CD0D3C}.Debug|x64.Build.0 = Debug|x64
		{5D3E6D05-60CB-4788-AA05-32BE08CD0D3C}.Debug|x86.ActiveCfg = Debug|Win32
		{5D3E6D05-60CB-4788-AA05-32BE08CD0D3C}.Debug|x86.Build.0 = Debug|Win32
		{5D3E6D05-60CB-4788-AA05-32BE08CD0D3C}.Release|x64.ActiveCfg = Release|x64
		{5D3E6D05-60CB-4788-AA05-32BE08CD0D3C}.Release|x64.Build.0 = Release|x64
		{5D3E6D05-60CB-4788-AA05-32BE08CD0D3C}.Release|x86.ActiveCfg = Release|Win32
		{5D3E6D05-60CB-4788-AA05-32BE08CD0D3C}.Release|x86.Build.0 = Release|Win32
	EndGlobalSection
	GlobalSection(SolutionProperties) = preSolution
		HideSolutionNode = FALSE
	EndGlobalSection
	GlobalSection(ExtensibilityGlobals) = postSolution
		SolutionGuid = {CC718CCA-ABA0-455F-B4C2-24D47D3B45A1}
	EndGlobalSection
EndGlobal
